github.com/jmpargana/matrix v0.0.0-20200608110453-ee09db6d1883 h1:ggibfyNtsNprEtZv6jzkkawTzFZ7CGB5Z8uVMv2+Gj0=
github.com/jmpargana/matrix v0.0.0-20200608110453-ee09db6d1883/go.mod h1:cP+fH2F/EOWYgckJbJyGxy/G12k8U2AhZUXnUUL54qA=
github.com/jmpargana/matrix v0.0.0-20200608120513-73e5c1c9deff h1:g3ElKwpVXqhvTDHAv12Cs6imCYslUuxyHJbz8llkWVc=
github.com/jmpargana/matrix v0.0.0-20200608120513-73e5c1c9deff/go.mod h1:cP+fH2F/EOWYgckJbJyGxy/G12k8U2AhZUXnUUL54qA=
github.com/jmpargana/matrix v0.0.0-20200609103046-2be02fbfd028 h1:o1CJ63ea2zC42zPEQoXu5vIlWzr+zN2pcgfiZaHXZlA=
github.com/jmpargana/matrix v0.0.0-20200609103046-2be02fbfd028/go.mod h1:cP+fH2F/EOWYgckJbJyGxy/G12k8U2AhZUXnUUL54qA=
github.com/jmpargana/matrix v0.0.0-20200611160705-bcc80cd3397e h1:2cDm6NrZIXlv2a2wXhXAwHGiz82wVrL+ATSkkIN/zzs=
github.com/jmpargana/matrix v0.0.0-20200611160705-bcc80cd3397e/go.mod h1:cP+fH2F/EOWYgckJbJyGxy/G12k8U2AhZUXnUUL54qA=
github.com/jmpargana/matrix v0.0.0-20200613101416-e67638e7adf0 h1:frcfMtjgxpT6gwSGpG9DEfF8cOUwJGfS86WrJ8ZGwX8=
github.com/jmpargana/matrix v0.0.0-20200613101416-e67638e7adf0/go.mod h1:cP+fH2F/EOWYgckJbJyGxy/G12k8U2AhZUXnUUL54qA=
github.com/jmpargana/matrix v0.0.0-20200613125620-9a9f06a25d39 h1:dB6+zXV+lzYGlQDp4hziKg+urnoiKCFzzPUOfCQkV/E=
github.com/jmpargana/matrix v0.0.0-20200613125620-9a9f06a25d39/go.mod h1:cP+fH2F/EOWYgckJbJyGxy/G12k8U2AhZUXnUUL54qA=
github.com/jmpargana/matrix v0.0.0-20200613142639-6fc2c32e70e9 h1:2O4a9SErKie3vMIN/+v/NHuqb4OSSIxZQJKQ9BR60Mo=
github.com/jmpargana/matrix v0.0.0-20200613142639-6fc2c32e70e9/go.mod h1:cP+fH2F/EOWYgckJbJyGxy/G12k8U2AhZUXnUUL54qA=
github.com/jmpargana/matrix v0.0.0-20200613143029-1087b39dbbc0 h1:Ry1GNciJUne6k7V1dRMXxvcGIJKAJcFIGmCVLt/8hXE=
github.com/jmpargana/matrix v0.0.0-20200613143029-1087b39dbbc0/go.mod h1:cP+fH2F/EOWYgckJbJyGxy/G12k8U2AhZUXnUUL54qA=
github.com/jmpargana/matrix v0.0.0-20200613160523-c7d0c073195f h1:42ZzPR00ypjn4O43CuCfrQJUC9rRs3j8jmTV+55itEo=
github.com/jmpargana/matrix v0.0.0-20200613160523-c7d0c073195f/go.mod h1:cP+fH2F/EOWYgckJbJyGxy/G12k8U2AhZUXnUUL54qA=
